{
  "name": "wikia-article-video-ext",
  "requires": true,
  "lockfileVersion": 1,
  "dependencies": {
    "jwplayer-fandom": {
      "version": "github:wikia/jwplayer-fandom#1ee943751013fc9bb57b1d5f0f58966669a320c9",
      "from": "github:wikia/jwplayer-fandom#1ee943751013fc9bb57b1d5f0f58966669a320c9"
    }
  }
}
