{
  "name": "wikia-article-video-ext",
  "requires": true,
  "lockfileVersion": 1,
  "dependencies": {
    "jwplayer-fandom": {
      "version": "github:wikia/jwplayer-fandom#13d6aade3ebc36cfb103627fdd119a09b4a6d27f",
      "from": "github:wikia/jwplayer-fandom#13d6aade3ebc36cfb103627fdd119a09b4a6d27f"
    }
  }
}
