{
  "name": "wikia-article-video-ext",
  "requires": true,
  "lockfileVersion": 1,
  "dependencies": {
    "jwplayer-fandom": {
      "version": "github:wikia/jwplayer-fandom#ff757f122d74b7321f6fefd5e868c73496bff85c",
      "from": "github:wikia/jwplayer-fandom#ff757f122d74b7321f6fefd5e868c73496bff85c"
    }
  }
}
