{
  "name": "@wikia/oasis-tracking-opt-in",
  "version": "0.0.0",
  "lockfileVersion": 1,
  "requires": true,
  "dependencies": {
    "@wikia/tracking-opt-in": {
      "version": "1.0.26",
      "resolved": "https://registry.npmjs.org/@wikia/tracking-opt-in/-/tracking-opt-in-1.0.26.tgz",
      "integrity": "sha512-3GoRxZ3/puQeiVk5c7WtR3fbl00rJXEXig0zH0ekJXvEI2QG5lZEcw/gSVeZ+7z4a0YM9A47ImVp4n6HUuI0Ww=="
    }
  }
}
